
Microsoft Visual Studio Solution File, Format Version 12.00
# Visual Studio 2013
VisualStudioVersion = 12.0.21005.1
MinimumVisualStudioVersion = 10.0.40219.1
Project("{FAE04EC0-301F-11D3-BF4B-00C04F79EFBC}") = "DefiningClassesObjectsPartTwo", "DefiningClassesObjectsPartTwo\DefiningClassesObjectsPartTwo.csproj", "{E826BB1B-5F94-4880-8ACA-24C193E97111}"
EndProject
Project("{FAE04EC0-301F-11D3-BF4B-00C04F79EFBC}") = "UnitTests", "UnitTests\UnitTests.csproj", "{07A1FC06-4FB8-4D9B-B1A5-654D12635401}"
EndProject
Global
	GlobalSection(SolutionConfigurationPlatforms) = preSolution
		Debug|Any CPU = Debug|Any CPU
		Release|Any CPU = Release|Any CPU
	EndGlobalSection
	GlobalSection(ProjectConfigurationPlatforms) = postSolution
		{E826BB1B-5F94-4880-8ACA-24C193E97111}.Debug|Any CPU.ActiveCfg = Debug|Any CPU
		{E826BB1B-5F94-4880-8ACA-24C193E97111}.Debug|Any CPU.Build.0 = Debug|Any CPU
		{E826BB1B-5F94-4880-8ACA-24C193E97111}.Release|Any CPU.ActiveCfg = Release|Any CPU
		{E826BB1B-5F94-4880-8ACA-24C193E97111}.Release|Any CPU.Build.0 = Release|Any CPU
		{07A1FC06-4FB8-4D9B-B1A5-654D12635401}.Debug|Any CPU.ActiveCfg = Debug|Any CPU
		{07A1FC06-4FB8-4D9B-B1A5-654D12635401}.Debug|Any CPU.Build.0 = Debug|Any CPU
		{07A1FC06-4FB8-4D9B-B1A5-654D12635401}.Release|Any CPU.ActiveCfg = Release|Any CPU
		{07A1FC06-4FB8-4D9B-B1A5-654D12635401}.Release|Any CPU.Build.0 = Release|Any CPU
	EndGlobalSection
	GlobalSection(SolutionProperties) = preSolution
		HideSolutionNode = FALSE
	EndGlobalSection
EndGlobal
